
Microsoft Visual Studio Solution File, Format Version 12.00
# Visual Studio Version 16
VisualStudioVersion = 16.0.30320.27
MinimumVisualStudioVersion = 10.0.40219.1
Project("{FAE04EC0-301F-11D3-BF4B-00C04F79EFBC}") = "Cinema.ASP", "Cinema.ASP\Cinema.ASP.csproj", "{4C3920F4-9B05-46FF-BFAD-25C18CACC564}"
EndProject
Project("{FAE04EC0-301F-11D3-BF4B-00C04F79EFBC}") = "Cinema.DAL.Client", "Cinema.DAL.Client\Cinema.DAL.Client.csproj", "{83CDDB91-A088-47BA-87B6-410ED51B0C25}"
EndProject
Project("{FAE04EC0-301F-11D3-BF4B-00C04F79EFBC}") = "Cinema.DAL.Global", "Cinema.DAL.Global\Cinema.DAL.Global.csproj", "{4B21417C-48A6-4D89-80B0-5508BB12BE6F}"
EndProject
Global
	GlobalSection(SolutionConfigurationPlatforms) = preSolution
		Debug|Any CPU = Debug|Any CPU
		Release|Any CPU = Release|Any CPU
	EndGlobalSection
	GlobalSection(ProjectConfigurationPlatforms) = postSolution
		{4C3920F4-9B05-46FF-BFAD-25C18CACC564}.Debug|Any CPU.ActiveCfg = Debug|Any CPU
		{4C3920F4-9B05-46FF-BFAD-25C18CACC564}.Debug|Any CPU.Build.0 = Debug|Any CPU
		{4C3920F4-9B05-46FF-BFAD-25C18CACC564}.Release|Any CPU.ActiveCfg = Release|Any CPU
		{4C3920F4-9B05-46FF-BFAD-25C18CACC564}.Release|Any CPU.Build.0 = Release|Any CPU
		{83CDDB91-A088-47BA-87B6-410ED51B0C25}.Debug|Any CPU.ActiveCfg = Debug|Any CPU
		{83CDDB91-A088-47BA-87B6-410ED51B0C25}.Debug|Any CPU.Build.0 = Debug|Any CPU
		{83CDDB91-A088-47BA-87B6-410ED51B0C25}.Release|Any CPU.ActiveCfg = Release|Any CPU
		{83CDDB91-A088-47BA-87B6-410ED51B0C25}.Release|Any CPU.Build.0 = Release|Any CPU
		{4B21417C-48A6-4D89-80B0-5508BB12BE6F}.Debug|Any CPU.ActiveCfg = Debug|Any CPU
		{4B21417C-48A6-4D89-80B0-5508BB12BE6F}.Debug|Any CPU.Build.0 = Debug|Any CPU
		{4B21417C-48A6-4D89-80B0-5508BB12BE6F}.Release|Any CPU.ActiveCfg = Release|Any CPU
		{4B21417C-48A6-4D89-80B0-5508BB12BE6F}.Release|Any CPU.Build.0 = Release|Any CPU
	EndGlobalSection
	GlobalSection(SolutionProperties) = preSolution
		HideSolutionNode = FALSE
	EndGlobalSection
	GlobalSection(ExtensibilityGlobals) = postSolution
		SolutionGuid = {72308BAA-008F-411C-9AF6-D36C65AC09D1}
	EndGlobalSection
EndGlobal
